# This file is automatically @generated by Cargo.
# It is not intended for manual editing.
version = 4

[[package]]
name = "addr2line"
version = "0.24.2"
source = "registry+https://github.com/rust-lang/crates.io-index"
checksum = "dfbe277e56a376000877090da837660b4427aad530e3028d44e0bffe4f89a1c1"
dependencies = [
 "gimli",
]

[[package]]
name = "adler2"
version = "2.0.0"
source = "registry+https://github.com/rust-lang/crates.io-index"
checksum = "512761e0bb2578dd7380c6baaa0f4ce03e84f95e960231d1dec8bf4d7d6e2627"

[[package]]
name = "aho-corasick"
version = "1.1.3"
source = "registry+https://github.com/rust-lang/crates.io-index"
checksum = "8e60d3430d3a69478ad0993f19238d2df97c507009a52b3c10addcd7f6bcb916"
dependencies = [
 "memchr",
]

[[package]]
name = "anstream"
version = "0.6.18"
source = "registry+https://github.com/rust-lang/crates.io-index"
checksum = "8acc5369981196006228e28809f761875c0327210a891e941f4c683b3a99529b"
dependencies = [
 "anstyle",
 "anstyle-parse",
 "anstyle-query",
 "anstyle-wincon",
 "colorchoice",
 "is_terminal_polyfill",
 "utf8parse",
]

[[package]]
name = "anstyle"
version = "1.0.10"
source = "registry+https://github.com/rust-lang/crates.io-index"
checksum = "55cc3b69f167a1ef2e161439aa98aed94e6028e5f9a59be9a6ffb47aef1651f9"

[[package]]
name = "anstyle-parse"
version = "0.2.6"
source = "registry+https://github.com/rust-lang/crates.io-index"
checksum = "3b2d16507662817a6a20a9ea92df6652ee4f94f914589377d69f3b21bc5798a9"
dependencies = [
 "utf8parse",
]

[[package]]
name = "anstyle-query"
version = "1.1.2"
source = "registry+https://github.com/rust-lang/crates.io-index"
checksum = "79947af37f4177cfead1110013d678905c37501914fba0efea834c3fe9a8d60c"
dependencies = [
 "windows-sys 0.59.0",
]

[[package]]
name = "anstyle-wincon"
version = "3.0.7"
source = "registry+https://github.com/rust-lang/crates.io-index"
checksum = "ca3534e77181a9cc07539ad51f2141fe32f6c3ffd4df76db8ad92346b003ae4e"
dependencies = [
 "anstyle",
 "once_cell",
 "windows-sys 0.59.0",
]

[[package]]
name = "anyhow"
version = "1.0.95"
source = "registry+https://github.com/rust-lang/crates.io-index"
checksum = "34ac096ce696dc2fcabef30516bb13c0a68a11d30131d3df6f04711467681b04"

[[package]]
name = "autocfg"
version = "1.4.0"
source = "registry+https://github.com/rust-lang/crates.io-index"
checksum = "ace50bade8e6234aa140d9a2f552bbee1db4d353f69b8217bc503490fc1a9f26"

[[package]]
name = "backtrace"
version = "0.3.74"
source = "registry+https://github.com/rust-lang/crates.io-index"
checksum = "8d82cb332cdfaed17ae235a638438ac4d4839913cc2af585c3c6746e8f8bee1a"
dependencies = [
 "addr2line",
 "cfg-if",
 "libc",
 "miniz_oxide",
 "object",
 "rustc-demangle",
 "windows-targets",
]

[[package]]
name = "bitflags"
version = "2.7.0"
source = "registry+https://github.com/rust-lang/crates.io-index"
checksum = "1be3f42a67d6d345ecd59f675f3f012d6974981560836e938c22b424b85ce1be"

[[package]]
name = "block2"
version = "0.5.1"
source = "registry+https://github.com/rust-lang/crates.io-index"
checksum = "2c132eebf10f5cad5289222520a4a058514204aed6d791f1cf4fe8088b82d15f"
dependencies = [
 "objc2",
]

[[package]]
name = "bumpalo"
version = "3.16.0"
source = "registry+https://github.com/rust-lang/crates.io-index"
checksum = "79296716171880943b8470b5f8d03aa55eb2e645a4874bdbb28adb49162e012c"

[[package]]
name = "cfg-if"
version = "1.0.0"
source = "registry+https://github.com/rust-lang/crates.io-index"
checksum = "baf1de4339761588bc0619e3cbc0120ee582ebb74b53b4efbf79117bd2da40fd"

[[package]]
name = "clap"
version = "4.5.26"
source = "registry+https://github.com/rust-lang/crates.io-index"
checksum = "a8eb5e908ef3a6efbe1ed62520fb7287959888c88485abe072543190ecc66783"
dependencies = [
 "clap_builder",
 "clap_derive",
]

[[package]]
name = "clap-markdown"
version = "0.1.4"
source = "registry+https://github.com/rust-lang/crates.io-index"
checksum = "8ebc67e6266e14f8b31541c2f204724fa2ac7ad5c17d6f5908fbb92a60f42cff"
dependencies = [
 "clap",
]

[[package]]
name = "clap_builder"
version = "4.5.26"
source = "registry+https://github.com/rust-lang/crates.io-index"
checksum = "96b01801b5fc6a0a232407abc821660c9c6d25a1cafc0d4f85f29fb8d9afc121"
dependencies = [
 "anstream",
 "anstyle",
 "clap_lex",
 "strsim",
 "terminal_size",
]

[[package]]
name = "clap_complete"
version = "4.5.42"
source = "registry+https://github.com/rust-lang/crates.io-index"
checksum = "33a7e468e750fa4b6be660e8b5651ad47372e8fb114030b594c2d75d48c5ffd0"
dependencies = [
 "clap",
]

[[package]]
name = "clap_derive"
version = "4.5.24"
source = "registry+https://github.com/rust-lang/crates.io-index"
checksum = "54b755194d6389280185988721fffba69495eed5ee9feeee9a599b53db80318c"
dependencies = [
 "heck",
 "proc-macro2",
 "quote",
 "syn",
]

[[package]]
name = "clap_lex"
version = "0.7.4"
source = "registry+https://github.com/rust-lang/crates.io-index"
checksum = "f46ad14479a25103f283c0f10005961cf086d8dc42205bb44c46ac563475dca6"

[[package]]
name = "cliclack"
version = "0.2.5"
source = "registry+https://github.com/rust-lang/crates.io-index"
checksum = "4febf49beeedc40528e4956995631f1bbdb4d8804ef940b44351f393a996c739"
dependencies = [
 "console",
 "indicatif",
 "once_cell",
 "textwrap",
 "zeroize",
]

[[package]]
name = "colorchoice"
version = "1.0.3"
source = "registry+https://github.com/rust-lang/crates.io-index"
checksum = "5b63caa9aa9397e2d9480a9b13673856c78d8ac123288526c37d7839f2a86990"

[[package]]
name = "console"
version = "0.15.10"
source = "registry+https://github.com/rust-lang/crates.io-index"
checksum = "ea3c6ecd8059b57859df5c69830340ed3c41d30e3da0c1cbed90a96ac853041b"
dependencies = [
 "encode_unicode",
 "libc",
 "once_cell",
 "unicode-width 0.2.0",
 "windows-sys 0.59.0",
]

[[package]]
name = "core-foundation"
version = "0.10.0"
source = "registry+https://github.com/rust-lang/crates.io-index"
checksum = "b55271e5c8c478ad3f38ad24ef34923091e0548492a266d19b3c0b4d82574c63"
dependencies = [
 "core-foundation-sys",
 "libc",
]

[[package]]
name = "core-foundation-sys"
version = "0.8.7"
source = "registry+https://github.com/rust-lang/crates.io-index"
checksum = "773648b94d0e5d620f64f280777445740e61fe701025087ec8b57f45c791888b"

[[package]]
name = "core-graphics"
version = "0.24.0"
source = "registry+https://github.com/rust-lang/crates.io-index"
checksum = "fa95a34622365fa5bbf40b20b75dba8dfa8c94c734aea8ac9a5ca38af14316f1"
dependencies = [
 "bitflags",
 "core-foundation",
 "core-graphics-types",
 "foreign-types",
 "libc",
]

[[package]]
name = "core-graphics-types"
version = "0.2.0"
source = "registry+https://github.com/rust-lang/crates.io-index"
checksum = "3d44a101f213f6c4cdc1853d4b78aef6db6bdfa3468798cc1d9912f4735013eb"
dependencies = [
 "bitflags",
 "core-foundation",
 "libc",
]

[[package]]
name = "displaydoc"
version = "0.2.5"
source = "registry+https://github.com/rust-lang/crates.io-index"
checksum = "97369cbbc041bc366949bc74d34658d6cda5621039731c6310521892a3a20ae0"
dependencies = [
 "proc-macro2",
 "quote",
 "syn",
]

[[package]]
name = "encode_unicode"
version = "1.0.0"
source = "registry+https://github.com/rust-lang/crates.io-index"
checksum = "34aa73646ffb006b8f5147f3dc182bd4bcb190227ce861fc4a4844bf8e3cb2c0"

[[package]]
name = "enigo"
version = "0.3.0"
source = "registry+https://github.com/rust-lang/crates.io-index"
checksum = "0cf6f550bbbdd5fe66f39d429cb2604bcdacbf00dca0f5bbe2e9306a0009b7c6"
dependencies = [
 "core-foundation",
 "core-graphics",
 "foreign-types-shared",
 "libc",
 "log",
 "objc2",
 "objc2-app-kit",
 "objc2-foundation",
 "windows",
 "xkbcommon",
 "xkeysym",
]

[[package]]
name = "equivalent"
version = "1.0.1"
source = "registry+https://github.com/rust-lang/crates.io-index"
checksum = "5443807d6dff69373d433ab9ef5378ad8df50ca6298caf15de6e52e24aaf54d5"

[[package]]
name = "errno"
version = "0.3.10"
source = "registry+https://github.com/rust-lang/crates.io-index"
checksum = "33d852cb9b869c2a9b3df2f71a3074817f01e1844f839a144f5fcef059a4eb5d"
dependencies = [
 "libc",
 "windows-sys 0.59.0",
]

[[package]]
name = "foreign-types"
version = "0.5.0"
source = "registry+https://github.com/rust-lang/crates.io-index"
checksum = "d737d9aa519fb7b749cbc3b962edcf310a8dd1f4b67c91c4f83975dbdd17d965"
dependencies = [
 "foreign-types-macros",
 "foreign-types-shared",
]

[[package]]
name = "foreign-types-macros"
version = "0.2.3"
source = "registry+https://github.com/rust-lang/crates.io-index"
checksum = "1a5c6c585bc94aaf2c7b51dd4c2ba22680844aba4c687be581871a6f518c5742"
dependencies = [
 "proc-macro2",
 "quote",
 "syn",
]

[[package]]
name = "foreign-types-shared"
version = "0.3.1"
source = "registry+https://github.com/rust-lang/crates.io-index"
checksum = "aa9a19cbb55df58761df49b23516a86d432839add4af60fc256da840f66ed35b"

[[package]]
name = "form_urlencoded"
version = "1.2.1"
source = "registry+https://github.com/rust-lang/crates.io-index"
checksum = "e13624c2627564efccf4934284bdd98cbaa14e79b0b5a141218e507b3a823456"
dependencies = [
 "percent-encoding",
]

[[package]]
name = "futures-core"
version = "0.3.31"
source = "registry+https://github.com/rust-lang/crates.io-index"
checksum = "05f29059c0c2090612e8d742178b0580d2dc940c837851ad723096f87af6663e"

[[package]]
name = "futures-macro"
version = "0.3.31"
source = "registry+https://github.com/rust-lang/crates.io-index"
checksum = "162ee34ebcb7c64a8abebc059ce0fee27c2262618d7b60ed8faf72fef13c3650"
dependencies = [
 "proc-macro2",
 "quote",
 "syn",
]

[[package]]
name = "futures-task"
version = "0.3.31"
source = "registry+https://github.com/rust-lang/crates.io-index"
checksum = "f90f7dce0722e95104fcb095585910c0977252f286e354b5e3bd38902cd99988"

[[package]]
name = "futures-timer"
version = "3.0.3"
source = "registry+https://github.com/rust-lang/crates.io-index"
checksum = "f288b0a4f20f9a56b5d1da57e2227c661b7b16168e2f72365f57b63326e29b24"

[[package]]
name = "futures-util"
version = "0.3.31"
source = "registry+https://github.com/rust-lang/crates.io-index"
checksum = "9fa08315bb612088cc391249efdc3bc77536f16c91f6cf495e6fbe85b20a4a81"
dependencies = [
 "futures-core",
 "futures-macro",
 "futures-task",
 "pin-project-lite",
 "pin-utils",
 "slab",
]

[[package]]
name = "getrandom"
version = "0.2.15"
source = "registry+https://github.com/rust-lang/crates.io-index"
checksum = "c4567c8db10ae91089c99af84c68c38da3ec2f087c3f82960bcdbf3656b6f4d7"
dependencies = [
 "cfg-if",
 "libc",
 "wasi",
]

[[package]]
name = "gimli"
version = "0.31.1"
source = "registry+https://github.com/rust-lang/crates.io-index"
checksum = "07e28edb80900c19c28f1072f2e8aeca7fa06b23cd4169cefe1af5aa3260783f"

[[package]]
name = "glob"
version = "0.3.2"
source = "registry+https://github.com/rust-lang/crates.io-index"
checksum = "a8d1add55171497b4705a648c6b583acafb01d58050a51727785f0b2c8e0a2b2"

[[package]]
name = "hashbrown"
version = "0.15.2"
source = "registry+https://github.com/rust-lang/crates.io-index"
checksum = "bf151400ff0baff5465007dd2f3e717f3fe502074ca563069ce3a6629d07b289"

[[package]]
name = "heck"
version = "0.5.0"
source = "registry+https://github.com/rust-lang/crates.io-index"
checksum = "2304e00983f87ffb38b55b444b5e3b60a884b5d30c0fca7d82fe33449bbe55ea"

[[package]]
name = "human-panic"
version = "2.0.2"
source = "registry+https://github.com/rust-lang/crates.io-index"
checksum = "80b84a66a325082740043a6c28bbea400c129eac0d3a27673a1de971e44bf1f7"
dependencies = [
 "anstream",
 "anstyle",
 "backtrace",
 "os_info",
 "serde",
 "serde_derive",
 "toml",
 "uuid",
]

[[package]]
name = "icu_collections"
version = "1.5.0"
source = "registry+https://github.com/rust-lang/crates.io-index"
checksum = "db2fa452206ebee18c4b5c2274dbf1de17008e874b4dc4f0aea9d01ca79e4526"
dependencies = [
 "displaydoc",
 "yoke",
 "zerofrom",
 "zerovec",
]

[[package]]
name = "icu_locid"
version = "1.5.0"
source = "registry+https://github.com/rust-lang/crates.io-index"
checksum = "13acbb8371917fc971be86fc8057c41a64b521c184808a698c02acc242dbf637"
dependencies = [
 "displaydoc",
 "litemap",
 "tinystr",
 "writeable",
 "zerovec",
]

[[package]]
name = "icu_locid_transform"
version = "1.5.0"
source = "registry+https://github.com/rust-lang/crates.io-index"
checksum = "01d11ac35de8e40fdeda00d9e1e9d92525f3f9d887cdd7aa81d727596788b54e"
dependencies = [
 "displaydoc",
 "icu_locid",
 "icu_locid_transform_data",
 "icu_provider",
 "tinystr",
 "zerovec",
]

[[package]]
name = "icu_locid_transform_data"
version = "1.5.0"
source = "registry+https://github.com/rust-lang/crates.io-index"
checksum = "fdc8ff3388f852bede6b579ad4e978ab004f139284d7b28715f773507b946f6e"

[[package]]
name = "icu_normalizer"
version = "1.5.0"
source = "registry+https://github.com/rust-lang/crates.io-index"
checksum = "19ce3e0da2ec68599d193c93d088142efd7f9c5d6fc9b803774855747dc6a84f"
dependencies = [
 "displaydoc",
 "icu_collections",
 "icu_normalizer_data",
 "icu_properties",
 "icu_provider",
 "smallvec",
 "utf16_iter",
 "utf8_iter",
 "write16",
 "zerovec",
]

[[package]]
name = "icu_normalizer_data"
version = "1.5.0"
source = "registry+https://github.com/rust-lang/crates.io-index"
checksum = "f8cafbf7aa791e9b22bec55a167906f9e1215fd475cd22adfcf660e03e989516"

[[package]]
name = "icu_properties"
version = "1.5.1"
source = "registry+https://github.com/rust-lang/crates.io-index"
checksum = "93d6020766cfc6302c15dbbc9c8778c37e62c14427cb7f6e601d849e092aeef5"
dependencies = [
 "displaydoc",
 "icu_collections",
 "icu_locid_transform",
 "icu_properties_data",
 "icu_provider",
 "tinystr",
 "zerovec",
]

[[package]]
name = "icu_properties_data"
version = "1.5.0"
source = "registry+https://github.com/rust-lang/crates.io-index"
checksum = "67a8effbc3dd3e4ba1afa8ad918d5684b8868b3b26500753effea8d2eed19569"

[[package]]
name = "icu_provider"
version = "1.5.0"
source = "registry+https://github.com/rust-lang/crates.io-index"
checksum = "6ed421c8a8ef78d3e2dbc98a973be2f3770cb42b606e3ab18d6237c4dfde68d9"
dependencies = [
 "displaydoc",
 "icu_locid",
 "icu_provider_macros",
 "stable_deref_trait",
 "tinystr",
 "writeable",
 "yoke",
 "zerofrom",
 "zerovec",
]

[[package]]
name = "icu_provider_macros"
version = "1.5.0"
source = "registry+https://github.com/rust-lang/crates.io-index"
checksum = "1ec89e9337638ecdc08744df490b221a7399bf8d164eb52a665454e60e075ad6"
dependencies = [
 "proc-macro2",
 "quote",
 "syn",
]

[[package]]
name = "idna"
version = "1.0.3"
source = "registry+https://github.com/rust-lang/crates.io-index"
checksum = "686f825264d630750a544639377bae737628043f20d38bbc029e8f29ea968a7e"
dependencies = [
 "idna_adapter",
 "smallvec",
 "utf8_iter",
]

[[package]]
name = "idna_adapter"
version = "1.2.0"
source = "registry+https://github.com/rust-lang/crates.io-index"
checksum = "daca1df1c957320b2cf139ac61e7bd64fed304c5040df000a745aa1de3b4ef71"
dependencies = [
 "icu_normalizer",
 "icu_properties",
]

[[package]]
name = "indexmap"
version = "2.7.0"
source = "registry+https://github.com/rust-lang/crates.io-index"
checksum = "62f822373a4fe84d4bb149bf54e584a7f4abec90e072ed49cda0edea5b95471f"
dependencies = [
 "equivalent",
 "hashbrown",
]

[[package]]
name = "indicatif"
version = "0.17.9"
source = "registry+https://github.com/rust-lang/crates.io-index"
checksum = "cbf675b85ed934d3c67b5c5469701eec7db22689d0a2139d856e0925fa28b281"
dependencies = [
 "console",
 "number_prefix",
 "portable-atomic",
 "unicode-width 0.2.0",
 "web-time",
]

[[package]]
name = "is_terminal_polyfill"
version = "1.70.1"
source = "registry+https://github.com/rust-lang/crates.io-index"
checksum = "7943c866cc5cd64cbc25b2e01621d07fa8eb2a1a23160ee81ce38704e97b8ecf"

[[package]]
name = "itoa"
version = "1.0.14"
source = "registry+https://github.com/rust-lang/crates.io-index"
checksum = "d75a2a4b1b190afb6f5425f10f6a8f959d2ea0b9c2b1d79553551850539e4674"

[[package]]
name = "js-sys"
version = "0.3.77"
source = "registry+https://github.com/rust-lang/crates.io-index"
checksum = "1cfaf33c695fc6e08064efbc1f72ec937429614f25eef83af942d0e227c3a28f"
dependencies = [
 "once_cell",
 "wasm-bindgen",
]

[[package]]
name = "lazy_static"
version = "1.5.0"
source = "registry+https://github.com/rust-lang/crates.io-index"
checksum = "bbd2bcb4c963f2ddae06a2efc7e9f3591312473c50c6685e1f298068316e66fe"

[[package]]
name = "libc"
version = "0.2.169"
source = "registry+https://github.com/rust-lang/crates.io-index"
checksum = "b5aba8db14291edd000dfcc4d620c7ebfb122c613afb886ca8803fa4e128a20a"

[[package]]
name = "linux-raw-sys"
version = "0.4.15"
source = "registry+https://github.com/rust-lang/crates.io-index"
checksum = "d26c52dbd32dccf2d10cac7725f8eae5296885fb5703b261f7d0a0739ec807ab"

[[package]]
name = "litemap"
version = "0.7.4"
source = "registry+https://github.com/rust-lang/crates.io-index"
checksum = "4ee93343901ab17bd981295f2cf0026d4ad018c7c31ba84549a4ddbb47a45104"

[[package]]
name = "log"
version = "0.4.22"
source = "registry+https://github.com/rust-lang/crates.io-index"
checksum = "a7a70ba024b9dc04c27ea2f0c0548feb474ec5c54bba33a7f72f873a39d07b24"

[[package]]
name = "madara"
version = "0.0.1"
dependencies = [
 "anyhow",
 "clap",
 "clap-markdown",
 "clap_complete",
 "cliclack",
 "enigo",
 "human-panic",
 "lazy_static",
 "madara_cli_common",
 "madara_cli_config",
 "madara_cli_types",
 "rstest",
 "strum",
 "thiserror",
 "xshell",
]

[[package]]
name = "madara_cli_common"
version = "0.0.1"
dependencies = [
 "anyhow",
 "clap",
 "cliclack",
 "console",
 "once_cell",
 "serde",
 "serde_json",
 "serde_yaml",
 "strum",
 "thiserror",
 "url",
 "xshell",
]

[[package]]
name = "madara_cli_config"
version = "0.0.1"
dependencies = [
 "anyhow",
 "clap",
 "cliclack",
 "madara_cli_common",
 "madara_cli_types",
 "strum",
 "thiserror",
 "xshell",
]

[[package]]
name = "madara_cli_types"
version = "0.0.1"
dependencies = [
 "anyhow",
 "clap",
 "cliclack",
 "strum",
 "thiserror",
 "xshell",
]

[[package]]
name = "memchr"
version = "2.7.4"
source = "registry+https://github.com/rust-lang/crates.io-index"
checksum = "78ca9ab1a0babb1e7d5695e3530886289c18cf2f87ec19a575a0abdce112e3a3"

[[package]]
name = "memmap2"
version = "0.9.5"
source = "registry+https://github.com/rust-lang/crates.io-index"
checksum = "fd3f7eed9d3848f8b98834af67102b720745c4ec028fcd0aa0239277e7de374f"
dependencies = [
 "libc",
]

[[package]]
name = "miniz_oxide"
version = "0.8.2"
source = "registry+https://github.com/rust-lang/crates.io-index"
checksum = "4ffbe83022cedc1d264172192511ae958937694cd57ce297164951b8b3568394"
dependencies = [
 "adler2",
]

[[package]]
name = "number_prefix"
version = "0.4.0"
source = "registry+https://github.com/rust-lang/crates.io-index"
checksum = "830b246a0e5f20af87141b25c173cd1b609bd7779a4617d6ec582abaf90870f3"

[[package]]
name = "objc-sys"
version = "0.3.5"
source = "registry+https://github.com/rust-lang/crates.io-index"
checksum = "cdb91bdd390c7ce1a8607f35f3ca7151b65afc0ff5ff3b34fa350f7d7c7e4310"

[[package]]
name = "objc2"
version = "0.5.2"
source = "registry+https://github.com/rust-lang/crates.io-index"
checksum = "46a785d4eeff09c14c487497c162e92766fbb3e4059a71840cecc03d9a50b804"
dependencies = [
 "objc-sys",
 "objc2-encode",
]

[[package]]
name = "objc2-app-kit"
version = "0.2.2"
source = "registry+https://github.com/rust-lang/crates.io-index"
checksum = "e4e89ad9e3d7d297152b17d39ed92cd50ca8063a89a9fa569046d41568891eff"
dependencies = [
 "bitflags",
 "block2",
 "libc",
 "objc2",
 "objc2-core-data",
 "objc2-core-image",
 "objc2-foundation",
 "objc2-quartz-core",
]

[[package]]
name = "objc2-core-data"
version = "0.2.2"
source = "registry+https://github.com/rust-lang/crates.io-index"
checksum = "617fbf49e071c178c0b24c080767db52958f716d9eabdf0890523aeae54773ef"
dependencies = [
 "bitflags",
 "block2",
 "objc2",
 "objc2-foundation",
]

[[package]]
name = "objc2-core-image"
version = "0.2.2"
source = "registry+https://github.com/rust-lang/crates.io-index"
checksum = "55260963a527c99f1819c4f8e3b47fe04f9650694ef348ffd2227e8196d34c80"
dependencies = [
 "block2",
 "objc2",
 "objc2-foundation",
 "objc2-metal",
]

[[package]]
name = "objc2-encode"
version = "4.1.0"
source = "registry+https://github.com/rust-lang/crates.io-index"
checksum = "ef25abbcd74fb2609453eb695bd2f860d389e457f67dc17cafc8b8cbc89d0c33"

[[package]]
name = "objc2-foundation"
version = "0.2.2"
source = "registry+https://github.com/rust-lang/crates.io-index"
checksum = "0ee638a5da3799329310ad4cfa62fbf045d5f56e3ef5ba4149e7452dcf89d5a8"
dependencies = [
 "bitflags",
 "block2",
 "libc",
 "objc2",
]

[[package]]
name = "objc2-metal"
version = "0.2.2"
source = "registry+https://github.com/rust-lang/crates.io-index"
checksum = "dd0cba1276f6023976a406a14ffa85e1fdd19df6b0f737b063b95f6c8c7aadd6"
dependencies = [
 "bitflags",
 "block2",
 "objc2",
 "objc2-foundation",
]

[[package]]
name = "objc2-quartz-core"
version = "0.2.2"
source = "registry+https://github.com/rust-lang/crates.io-index"
checksum = "e42bee7bff906b14b167da2bac5efe6b6a07e6f7c0a21a7308d40c960242dc7a"
dependencies = [
 "bitflags",
 "block2",
 "objc2",
 "objc2-foundation",
 "objc2-metal",
]

[[package]]
name = "object"
version = "0.36.7"
source = "registry+https://github.com/rust-lang/crates.io-index"
checksum = "62948e14d923ea95ea2c7c86c71013138b66525b86bdc08d2dcc262bdb497b87"
dependencies = [
 "memchr",
]

[[package]]
name = "once_cell"
version = "1.20.2"
source = "registry+https://github.com/rust-lang/crates.io-index"
checksum = "1261fe7e33c73b354eab43b1273a57c8f967d0391e80353e51f764ac02cf6775"

[[package]]
name = "os_info"
version = "3.9.2"
source = "registry+https://github.com/rust-lang/crates.io-index"
checksum = "6e6520c8cc998c5741ee68ec1dc369fc47e5f0ea5320018ecf2a1ccd6328f48b"
dependencies = [
 "log",
 "serde",
 "windows-sys 0.52.0",
]

[[package]]
name = "percent-encoding"
version = "2.3.1"
source = "registry+https://github.com/rust-lang/crates.io-index"
checksum = "e3148f5046208a5d56bcfc03053e3ca6334e51da8dfb19b6cdc8b306fae3283e"

[[package]]
name = "pin-project-lite"
version = "0.2.16"
source = "registry+https://github.com/rust-lang/crates.io-index"
checksum = "3b3cff922bd51709b605d9ead9aa71031d81447142d828eb4a6eba76fe619f9b"

[[package]]
name = "pin-utils"
version = "0.1.0"
source = "registry+https://github.com/rust-lang/crates.io-index"
checksum = "8b870d8c151b6f2fb93e84a13146138f05d02ed11c7e7c54f8826aaaf7c9f184"

[[package]]
name = "portable-atomic"
version = "1.10.0"
source = "registry+https://github.com/rust-lang/crates.io-index"
checksum = "280dc24453071f1b63954171985a0b0d30058d287960968b9b2aca264c8d4ee6"

[[package]]
name = "proc-macro-crate"
version = "3.2.0"
source = "registry+https://github.com/rust-lang/crates.io-index"
checksum = "8ecf48c7ca261d60b74ab1a7b20da18bede46776b2e55535cb958eb595c5fa7b"
dependencies = [
 "toml_edit",
]

[[package]]
name = "proc-macro2"
version = "1.0.93"
source = "registry+https://github.com/rust-lang/crates.io-index"
checksum = "60946a68e5f9d28b0dc1c21bb8a97ee7d018a8b322fa57838ba31cc878e22d99"
dependencies = [
 "unicode-ident",
]

[[package]]
name = "quote"
version = "1.0.38"
source = "registry+https://github.com/rust-lang/crates.io-index"
checksum = "0e4dccaaaf89514f546c693ddc140f729f958c247918a13380cccc6078391acc"
dependencies = [
 "proc-macro2",
]

[[package]]
name = "regex"
version = "1.11.1"
source = "registry+https://github.com/rust-lang/crates.io-index"
checksum = "b544ef1b4eac5dc2db33ea63606ae9ffcfac26c1416a2806ae0bf5f56b201191"
dependencies = [
 "aho-corasick",
 "memchr",
 "regex-automata",
 "regex-syntax",
]

[[package]]
name = "regex-automata"
version = "0.4.9"
source = "registry+https://github.com/rust-lang/crates.io-index"
checksum = "809e8dc61f6de73b46c85f4c96486310fe304c434cfa43669d7b40f711150908"
dependencies = [
 "aho-corasick",
 "memchr",
 "regex-syntax",
]

[[package]]
name = "regex-syntax"
version = "0.8.5"
source = "registry+https://github.com/rust-lang/crates.io-index"
checksum = "2b15c43186be67a4fd63bee50d0303afffcef381492ebe2c5d87f324e1b8815c"

[[package]]
name = "relative-path"
version = "1.9.3"
source = "registry+https://github.com/rust-lang/crates.io-index"
checksum = "ba39f3699c378cd8970968dcbff9c43159ea4cfbd88d43c00b22f2ef10a435d2"

[[package]]
name = "rstest"
version = "0.24.0"
source = "registry+https://github.com/rust-lang/crates.io-index"
checksum = "03e905296805ab93e13c1ec3a03f4b6c4f35e9498a3d5fa96dc626d22c03cd89"
dependencies = [
 "futures-timer",
 "futures-util",
 "rstest_macros",
 "rustc_version",
]

[[package]]
name = "rstest_macros"
version = "0.24.0"
source = "registry+https://github.com/rust-lang/crates.io-index"
checksum = "ef0053bbffce09062bee4bcc499b0fbe7a57b879f1efe088d6d8d4c7adcdef9b"
dependencies = [
 "cfg-if",
 "glob",
 "proc-macro-crate",
 "proc-macro2",
 "quote",
 "regex",
 "relative-path",
 "rustc_version",
 "syn",
 "unicode-ident",
]

[[package]]
name = "rustc-demangle"
version = "0.1.24"
source = "registry+https://github.com/rust-lang/crates.io-index"
checksum = "719b953e2095829ee67db738b3bfa9fa368c94900df327b3f07fe6e794d2fe1f"

[[package]]
name = "rustc_version"
version = "0.4.1"
source = "registry+https://github.com/rust-lang/crates.io-index"
checksum = "cfcb3a22ef46e85b45de6ee7e79d063319ebb6594faafcf1c225ea92ab6e9b92"
dependencies = [
 "semver",
]

[[package]]
name = "rustix"
version = "0.38.43"
source = "registry+https://github.com/rust-lang/crates.io-index"
checksum = "a78891ee6bf2340288408954ac787aa063d8e8817e9f53abb37c695c6d834ef6"
dependencies = [
 "bitflags",
 "errno",
 "libc",
 "linux-raw-sys",
 "windows-sys 0.59.0",
]

[[package]]
name = "rustversion"
version = "1.0.19"
source = "registry+https://github.com/rust-lang/crates.io-index"
checksum = "f7c45b9784283f1b2e7fb61b42047c2fd678ef0960d4f6f1eba131594cc369d4"

[[package]]
name = "ryu"
version = "1.0.18"
source = "registry+https://github.com/rust-lang/crates.io-index"
checksum = "f3cb5ba0dc43242ce17de99c180e96db90b235b8a9fdc9543c96d2209116bd9f"

[[package]]
name = "semver"
version = "1.0.25"
source = "registry+https://github.com/rust-lang/crates.io-index"
checksum = "f79dfe2d285b0488816f30e700a7438c5a73d816b5b7d3ac72fbc48b0d185e03"

[[package]]
name = "serde"
version = "1.0.217"
source = "registry+https://github.com/rust-lang/crates.io-index"
checksum = "02fc4265df13d6fa1d00ecff087228cc0a2b5f3c0e87e258d8b94a156e984c70"
dependencies = [
 "serde_derive",
]

[[package]]
name = "serde_derive"
version = "1.0.217"
source = "registry+https://github.com/rust-lang/crates.io-index"
checksum = "5a9bf7cf98d04a2b28aead066b7496853d4779c9cc183c440dbac457641e19a0"
dependencies = [
 "proc-macro2",
 "quote",
 "syn",
]

[[package]]
name = "serde_json"
version = "1.0.135"
source = "registry+https://github.com/rust-lang/crates.io-index"
checksum = "2b0d7ba2887406110130a978386c4e1befb98c674b4fba677954e4db976630d9"
dependencies = [
 "itoa",
 "memchr",
 "ryu",
 "serde",
]

[[package]]
name = "serde_spanned"
version = "0.6.8"
source = "registry+https://github.com/rust-lang/crates.io-index"
checksum = "87607cb1398ed59d48732e575a4c28a7a8ebf2454b964fe3f224f2afc07909e1"
dependencies = [
 "serde",
]

[[package]]
name = "serde_yaml"
version = "0.9.34+deprecated"
source = "registry+https://github.com/rust-lang/crates.io-index"
checksum = "6a8b1a1a2ebf674015cc02edccce75287f1a0130d394307b36743c2f5d504b47"
dependencies = [
 "indexmap",
 "itoa",
 "ryu",
 "serde",
 "unsafe-libyaml",
]

[[package]]
name = "slab"
version = "0.4.9"
source = "registry+https://github.com/rust-lang/crates.io-index"
checksum = "8f92a496fb766b417c996b9c5e57daf2f7ad3b0bebe1ccfca4856390e3d3bb67"
dependencies = [
 "autocfg",
]

[[package]]
name = "smallvec"
version = "1.13.2"
source = "registry+https://github.com/rust-lang/crates.io-index"
checksum = "3c5e1a9a646d36c3599cd173a41282daf47c44583ad367b8e6837255952e5c67"

[[package]]
name = "smawk"
version = "0.3.2"
source = "registry+https://github.com/rust-lang/crates.io-index"
checksum = "b7c388c1b5e93756d0c740965c41e8822f866621d41acbdf6336a6a168f8840c"

[[package]]
name = "stable_deref_trait"
version = "1.2.0"
source = "registry+https://github.com/rust-lang/crates.io-index"
checksum = "a8f112729512f8e442d81f95a8a7ddf2b7c6b8a1a6f509a95864142b30cab2d3"

[[package]]
name = "strsim"
version = "0.11.1"
source = "registry+https://github.com/rust-lang/crates.io-index"
checksum = "7da8b5736845d9f2fcb837ea5d9e2628564b3b043a70948a3f0b778838c5fb4f"

[[package]]
name = "strum"
version = "0.26.3"
source = "registry+https://github.com/rust-lang/crates.io-index"
checksum = "8fec0f0aef304996cf250b31b5a10dee7980c85da9d759361292b8bca5a18f06"
dependencies = [
 "strum_macros",
]

[[package]]
name = "strum_macros"
version = "0.26.4"
source = "registry+https://github.com/rust-lang/crates.io-index"
checksum = "4c6bee85a5a24955dc440386795aa378cd9cf82acd5f764469152d2270e581be"
dependencies = [
 "heck",
 "proc-macro2",
 "quote",
 "rustversion",
 "syn",
]

[[package]]
name = "syn"
version = "2.0.96"
source = "registry+https://github.com/rust-lang/crates.io-index"
checksum = "d5d0adab1ae378d7f53bdebc67a39f1f151407ef230f0ce2883572f5d8985c80"
dependencies = [
 "proc-macro2",
 "quote",
 "unicode-ident",
]

[[package]]
name = "synstructure"
version = "0.13.1"
source = "registry+https://github.com/rust-lang/crates.io-index"
checksum = "c8af7666ab7b6390ab78131fb5b0fce11d6b7a6951602017c35fa82800708971"
dependencies = [
 "proc-macro2",
 "quote",
 "syn",
]

[[package]]
name = "terminal_size"
version = "0.4.1"
source = "registry+https://github.com/rust-lang/crates.io-index"
checksum = "5352447f921fda68cf61b4101566c0bdb5104eff6804d0678e5227580ab6a4e9"
dependencies = [
 "rustix",
 "windows-sys 0.59.0",
]

[[package]]
name = "textwrap"
version = "0.16.1"
source = "registry+https://github.com/rust-lang/crates.io-index"
checksum = "23d434d3f8967a09480fb04132ebe0a3e088c173e6d0ee7897abbdf4eab0f8b9"
dependencies = [
 "smawk",
 "unicode-linebreak",
 "unicode-width 0.1.14",
]

[[package]]
name = "thiserror"
version = "1.0.69"
source = "registry+https://github.com/rust-lang/crates.io-index"
checksum = "b6aaf5339b578ea85b50e080feb250a3e8ae8cfcdff9a461c9ec2904bc923f52"
dependencies = [
 "thiserror-impl",
]

[[package]]
name = "thiserror-impl"
version = "1.0.69"
source = "registry+https://github.com/rust-lang/crates.io-index"
checksum = "4fee6c4efc90059e10f81e6d42c60a18f76588c3d74cb83a0b242a2b6c7504c1"
dependencies = [
 "proc-macro2",
 "quote",
 "syn",
]

[[package]]
name = "tinystr"
version = "0.7.6"
source = "registry+https://github.com/rust-lang/crates.io-index"
checksum = "9117f5d4db391c1cf6927e7bea3db74b9a1c1add8f7eda9ffd5364f40f57b82f"
dependencies = [
 "displaydoc",
 "zerovec",
]

[[package]]
name = "toml"
version = "0.8.19"
source = "registry+https://github.com/rust-lang/crates.io-index"
checksum = "a1ed1f98e3fdc28d6d910e6737ae6ab1a93bf1985935a1193e68f93eeb68d24e"
dependencies = [
 "serde",
 "serde_spanned",
 "toml_datetime",
 "toml_edit",
]

[[package]]
name = "toml_datetime"
version = "0.6.8"
source = "registry+https://github.com/rust-lang/crates.io-index"
checksum = "0dd7358ecb8fc2f8d014bf86f6f638ce72ba252a2c3a2572f2a795f1d23efb41"
dependencies = [
 "serde",
]

[[package]]
name = "toml_edit"
version = "0.22.22"
source = "registry+https://github.com/rust-lang/crates.io-index"
checksum = "4ae48d6208a266e853d946088ed816055e556cc6028c5e8e2b84d9fa5dd7c7f5"
dependencies = [
 "indexmap",
 "serde",
 "serde_spanned",
 "toml_datetime",
 "winnow",
]

[[package]]
name = "unicode-ident"
version = "1.0.14"
source = "registry+https://github.com/rust-lang/crates.io-index"
checksum = "adb9e6ca4f869e1180728b7950e35922a7fc6397f7b641499e8f3ef06e50dc83"

[[package]]
name = "unicode-linebreak"
version = "0.1.5"
source = "registry+https://github.com/rust-lang/crates.io-index"
checksum = "3b09c83c3c29d37506a3e260c08c03743a6bb66a9cd432c6934ab501a190571f"

[[package]]
name = "unicode-width"
version = "0.1.14"
source = "registry+https://github.com/rust-lang/crates.io-index"
checksum = "7dd6e30e90baa6f72411720665d41d89b9a3d039dc45b8faea1ddd07f617f6af"

[[package]]
name = "unicode-width"
version = "0.2.0"
source = "registry+https://github.com/rust-lang/crates.io-index"
checksum = "1fc81956842c57dac11422a97c3b8195a1ff727f06e85c84ed2e8aa277c9a0fd"

[[package]]
name = "unsafe-libyaml"
version = "0.2.11"
source = "registry+https://github.com/rust-lang/crates.io-index"
checksum = "673aac59facbab8a9007c7f6108d11f63b603f7cabff99fabf650fea5c32b861"

[[package]]
name = "url"
version = "2.5.4"
source = "registry+https://github.com/rust-lang/crates.io-index"
checksum = "32f8b686cadd1473f4bd0117a5d28d36b1ade384ea9b5069a1c40aefed7fda60"
dependencies = [
 "form_urlencoded",
 "idna",
 "percent-encoding",
 "serde",
]

[[package]]
name = "utf16_iter"
version = "1.0.5"
source = "registry+https://github.com/rust-lang/crates.io-index"
checksum = "c8232dd3cdaed5356e0f716d285e4b40b932ac434100fe9b7e0e8e935b9e6246"

[[package]]
name = "utf8_iter"
version = "1.0.4"
source = "registry+https://github.com/rust-lang/crates.io-index"
checksum = "b6c140620e7ffbb22c2dee59cafe6084a59b5ffc27a8859a5f0d494b5d52b6be"

[[package]]
name = "utf8parse"
version = "0.2.2"
source = "registry+https://github.com/rust-lang/crates.io-index"
checksum = "06abde3611657adf66d383f00b093d7faecc7fa57071cce2578660c9f1010821"

[[package]]
name = "uuid"
version = "1.11.1"
source = "registry+https://github.com/rust-lang/crates.io-index"
checksum = "b913a3b5fe84142e269d63cc62b64319ccaf89b748fc31fe025177f767a756c4"
dependencies = [
 "getrandom",
]

[[package]]
name = "wasi"
version = "0.11.0+wasi-snapshot-preview1"
source = "registry+https://github.com/rust-lang/crates.io-index"
checksum = "9c8d87e72b64a3b4db28d11ce29237c246188f4f51057d65a7eab63b7987e423"

[[package]]
name = "wasm-bindgen"
version = "0.2.100"
source = "registry+https://github.com/rust-lang/crates.io-index"
checksum = "1edc8929d7499fc4e8f0be2262a241556cfc54a0bea223790e71446f2aab1ef5"
dependencies = [
 "cfg-if",
 "once_cell",
 "wasm-bindgen-macro",
]

[[package]]
name = "wasm-bindgen-backend"
version = "0.2.100"
source = "registry+https://github.com/rust-lang/crates.io-index"
checksum = "2f0a0651a5c2bc21487bde11ee802ccaf4c51935d0d3d42a6101f98161700bc6"
dependencies = [
 "bumpalo",
 "log",
 "proc-macro2",
 "quote",
 "syn",
 "wasm-bindgen-shared",
]

[[package]]
name = "wasm-bindgen-macro"
version = "0.2.100"
source = "registry+https://github.com/rust-lang/crates.io-index"
checksum = "7fe63fc6d09ed3792bd0897b314f53de8e16568c2b3f7982f468c0bf9bd0b407"
dependencies = [
 "quote",
 "wasm-bindgen-macro-support",
]

[[package]]
name = "wasm-bindgen-macro-support"
version = "0.2.100"
source = "registry+https://github.com/rust-lang/crates.io-index"
checksum = "8ae87ea40c9f689fc23f209965b6fb8a99ad69aeeb0231408be24920604395de"
dependencies = [
 "proc-macro2",
 "quote",
 "syn",
 "wasm-bindgen-backend",
 "wasm-bindgen-shared",
]

[[package]]
name = "wasm-bindgen-shared"
version = "0.2.100"
source = "registry+https://github.com/rust-lang/crates.io-index"
checksum = "1a05d73b933a847d6cccdda8f838a22ff101ad9bf93e33684f39c1f5f0eece3d"
dependencies = [
 "unicode-ident",
]

[[package]]
name = "web-time"
version = "1.1.0"
source = "registry+https://github.com/rust-lang/crates.io-index"
checksum = "5a6580f308b1fad9207618087a65c04e7a10bc77e02c8e84e9b00dd4b12fa0bb"
dependencies = [
 "js-sys",
 "wasm-bindgen",
]

[[package]]
name = "windows"
version = "0.58.0"
source = "registry+https://github.com/rust-lang/crates.io-index"
checksum = "dd04d41d93c4992d421894c18c8b43496aa748dd4c081bac0dc93eb0489272b6"
dependencies = [
 "windows-core",
 "windows-targets",
]

[[package]]
name = "windows-core"
version = "0.58.0"
source = "registry+https://github.com/rust-lang/crates.io-index"
checksum = "6ba6d44ec8c2591c134257ce647b7ea6b20335bf6379a27dac5f1641fcf59f99"
dependencies = [
 "windows-implement",
 "windows-interface",
 "windows-result",
 "windows-strings",
 "windows-targets",
]

[[package]]
name = "windows-implement"
version = "0.58.0"
source = "registry+https://github.com/rust-lang/crates.io-index"
checksum = "2bbd5b46c938e506ecbce286b6628a02171d56153ba733b6c741fc627ec9579b"
dependencies = [
 "proc-macro2",
 "quote",
 "syn",
]

[[package]]
name = "windows-interface"
version = "0.58.0"
source = "registry+https://github.com/rust-lang/crates.io-index"
checksum = "053c4c462dc91d3b1504c6fe5a726dd15e216ba718e84a0e46a88fbe5ded3515"
dependencies = [
 "proc-macro2",
 "quote",
 "syn",
]

[[package]]
name = "windows-result"
version = "0.2.0"
source = "registry+https://github.com/rust-lang/crates.io-index"
checksum = "1d1043d8214f791817bab27572aaa8af63732e11bf84aa21a45a78d6c317ae0e"
dependencies = [
 "windows-targets",
]

[[package]]
name = "windows-strings"
version = "0.1.0"
source = "registry+https://github.com/rust-lang/crates.io-index"
checksum = "4cd9b125c486025df0eabcb585e62173c6c9eddcec5d117d3b6e8c30e2ee4d10"
dependencies = [
 "windows-result",
 "windows-targets",
]

[[package]]
name = "windows-sys"
version = "0.52.0"
source = "registry+https://github.com/rust-lang/crates.io-index"
checksum = "282be5f36a8ce781fad8c8ae18fa3f9beff57ec1b52cb3de0789201425d9a33d"
dependencies = [
 "windows-targets",
]

[[package]]
name = "windows-sys"
version = "0.59.0"
source = "registry+https://github.com/rust-lang/crates.io-index"
checksum = "1e38bc4d79ed67fd075bcc251a1c39b32a1776bbe92e5bef1f0bf1f8c531853b"
dependencies = [
 "windows-targets",
]

[[package]]
name = "windows-targets"
version = "0.52.6"
source = "registry+https://github.com/rust-lang/crates.io-index"
checksum = "9b724f72796e036ab90c1021d4780d4d3d648aca59e491e6b98e725b84e99973"
dependencies = [
 "windows_aarch64_gnullvm",
 "windows_aarch64_msvc",
 "windows_i686_gnu",
 "windows_i686_gnullvm",
 "windows_i686_msvc",
 "windows_x86_64_gnu",
 "windows_x86_64_gnullvm",
 "windows_x86_64_msvc",
]

[[package]]
name = "windows_aarch64_gnullvm"
version = "0.52.6"
source = "registry+https://github.com/rust-lang/crates.io-index"
checksum = "32a4622180e7a0ec044bb555404c800bc9fd9ec262ec147edd5989ccd0c02cd3"

[[package]]
name = "windows_aarch64_msvc"
version = "0.52.6"
source = "registry+https://github.com/rust-lang/crates.io-index"
checksum = "09ec2a7bb152e2252b53fa7803150007879548bc709c039df7627cabbd05d469"

[[package]]
name = "windows_i686_gnu"
version = "0.52.6"
source = "registry+https://github.com/rust-lang/crates.io-index"
checksum = "8e9b5ad5ab802e97eb8e295ac6720e509ee4c243f69d781394014ebfe8bbfa0b"

[[package]]
name = "windows_i686_gnullvm"
version = "0.52.6"
source = "registry+https://github.com/rust-lang/crates.io-index"
checksum = "0eee52d38c090b3caa76c563b86c3a4bd71ef1a819287c19d586d7334ae8ed66"

[[package]]
name = "windows_i686_msvc"
version = "0.52.6"
source = "registry+https://github.com/rust-lang/crates.io-index"
checksum = "240948bc05c5e7c6dabba28bf89d89ffce3e303022809e73deaefe4f6ec56c66"

[[package]]
name = "windows_x86_64_gnu"
version = "0.52.6"
source = "registry+https://github.com/rust-lang/crates.io-index"
checksum = "147a5c80aabfbf0c7d901cb5895d1de30ef2907eb21fbbab29ca94c5b08b1a78"

[[package]]
name = "windows_x86_64_gnullvm"
version = "0.52.6"
source = "registry+https://github.com/rust-lang/crates.io-index"
checksum = "24d5b23dc417412679681396f2b49f3de8c1473deb516bd34410872eff51ed0d"

[[package]]
name = "windows_x86_64_msvc"
version = "0.52.6"
source = "registry+https://github.com/rust-lang/crates.io-index"
checksum = "589f6da84c646204747d1270a2a5661ea66ed1cced2631d546fdfb155959f9ec"

[[package]]
name = "winnow"
version = "0.6.25"
source = "registry+https://github.com/rust-lang/crates.io-index"
checksum = "ad699df48212c6cc6eb4435f35500ac6fd3b9913324f938aea302022ce19d310"
dependencies = [
 "memchr",
]

[[package]]
name = "write16"
version = "1.0.0"
source = "registry+https://github.com/rust-lang/crates.io-index"
checksum = "d1890f4022759daae28ed4fe62859b1236caebfc61ede2f63ed4e695f3f6d936"

[[package]]
name = "writeable"
version = "0.5.5"
source = "registry+https://github.com/rust-lang/crates.io-index"
checksum = "1e9df38ee2d2c3c5948ea468a8406ff0db0b29ae1ffde1bcf20ef305bcc95c51"

[[package]]
name = "xkbcommon"
version = "0.8.0"
source = "registry+https://github.com/rust-lang/crates.io-index"
checksum = "8d66ca9352cbd4eecbbc40871d8a11b4ac8107cfc528a6e14d7c19c69d0e1ac9"
dependencies = [
 "libc",
 "memmap2",
 "xkeysym",
]

[[package]]
name = "xkeysym"
version = "0.2.1"
source = "registry+https://github.com/rust-lang/crates.io-index"
checksum = "b9cc00251562a284751c9973bace760d86c0276c471b4be569fe6b068ee97a56"

[[package]]
name = "xshell"
version = "0.2.7"
source = "registry+https://github.com/rust-lang/crates.io-index"
checksum = "9e7290c623014758632efe00737145b6867b66292c42167f2ec381eb566a373d"
dependencies = [
 "xshell-macros",
]

[[package]]
name = "xshell-macros"
version = "0.2.7"
source = "registry+https://github.com/rust-lang/crates.io-index"
checksum = "32ac00cd3f8ec9c1d33fb3e7958a82df6989c42d747bd326c822b1d625283547"

[[package]]
name = "yoke"
version = "0.7.5"
source = "registry+https://github.com/rust-lang/crates.io-index"
checksum = "120e6aef9aa629e3d4f52dc8cc43a015c7724194c97dfaf45180d2daf2b77f40"
dependencies = [
 "serde",
 "stable_deref_trait",
 "yoke-derive",
 "zerofrom",
]

[[package]]
name = "yoke-derive"
version = "0.7.5"
source = "registry+https://github.com/rust-lang/crates.io-index"
checksum = "2380878cad4ac9aac1e2435f3eb4020e8374b5f13c296cb75b4620ff8e229154"
dependencies = [
 "proc-macro2",
 "quote",
 "syn",
 "synstructure",
]

[[package]]
name = "zerofrom"
version = "0.1.5"
source = "registry+https://github.com/rust-lang/crates.io-index"
checksum = "cff3ee08c995dee1859d998dea82f7374f2826091dd9cd47def953cae446cd2e"
dependencies = [
 "zerofrom-derive",
]

[[package]]
name = "zerofrom-derive"
version = "0.1.5"
source = "registry+https://github.com/rust-lang/crates.io-index"
checksum = "595eed982f7d355beb85837f651fa22e90b3c044842dc7f2c2842c086f295808"
dependencies = [
 "proc-macro2",
 "quote",
 "syn",
 "synstructure",
]

[[package]]
name = "zeroize"
version = "1.8.1"
source = "registry+https://github.com/rust-lang/crates.io-index"
checksum = "ced3678a2879b30306d323f4542626697a464a97c0a07c9aebf7ebca65cd4dde"
dependencies = [
 "zeroize_derive",
]

[[package]]
name = "zeroize_derive"
version = "1.4.2"
source = "registry+https://github.com/rust-lang/crates.io-index"
checksum = "ce36e65b0d2999d2aafac989fb249189a141aee1f53c612c1f37d72631959f69"
dependencies = [
 "proc-macro2",
 "quote",
 "syn",
]

[[package]]
name = "zerovec"
version = "0.10.4"
source = "registry+https://github.com/rust-lang/crates.io-index"
checksum = "aa2b893d79df23bfb12d5461018d408ea19dfafe76c2c7ef6d4eba614f8ff079"
dependencies = [
 "yoke",
 "zerofrom",
 "zerovec-derive",
]

[[package]]
name = "zerovec-derive"
version = "0.10.3"
source = "registry+https://github.com/rust-lang/crates.io-index"
checksum = "6eafa6dfb17584ea3e2bd6e76e0cc15ad7af12b09abdd1ca55961bed9b1063c6"
dependencies = [
 "proc-macro2",
 "quote",
 "syn",
]
